{
  "name": "@papillonarts/components",
  "version": "0.2.0",
  "lockfileVersion": 3,
  "requires": true,
  "packages": {
    "": {
      "name": "@papillonarts/components",
      "version": "0.2.0",
      "dependencies": {
        "@papillonarts/css": "^0.2.0",
        "@papillonarts/library": "^0.2.0"
      }
    },
    "node_modules/@papillonarts/css": {
      "version": "0.1.0",
      "resolved": "https://registry.npmjs.org/@papillonarts/css/-/css-0.1.0.tgz",
      "integrity": "sha512-fhTd41jsm67cMGEp17gQLSJeDjLXd6p8JQ5X/S50kvauWhDZHeTiwrD31+oF6ff+vtCrwB32KyklN8NEkPInwg=="
    },
    "node_modules/@papillonarts/library": {
      "version": "0.1.0",
      "resolved": "https://registry.npmjs.org/@papillonarts/library/-/library-0.1.0.tgz",
      "integrity": "sha512-GQ2H3EVi3iia/MfGEih0YpbXSk/x302K+Xbmr7EMXjVuBeCLvkYNRL9rEBj3dUb+DJGav9+IIg+IL5Zb4/E2HQ=="
    }
  }
}
